
Microsoft Visual Studio Solution File, Format Version 12.00
# Blend for Visual Studio Version 17
VisualStudioVersion = 17.3.32922.545
MinimumVisualStudioVersion = 10.0.40219.1
Project("{9A19103F-16F7-4668-BE54-9A1E7A4F7556}") = "FindByID64", "FindByID64\FindByID64.csproj", "{2E90BDE8-A070-41FE-A6DA-8D011BC97DEE}"
EndProject
Global
	GlobalSection(SolutionConfigurationPlatforms) = preSolution
		Debug|Any CPU = Debug|Any CPU
		Release|Any CPU = Release|Any CPU
	EndGlobalSection
	GlobalSection(ProjectConfigurationPlatforms) = postSolution
		{2E90BDE8-A070-41FE-A6DA-8D011BC97DEE}.Debug|Any CPU.ActiveCfg = Debug|Any CPU
		{2E90BDE8-A070-41FE-A6DA-8D011BC97DEE}.Debug|Any CPU.Build.0 = Debug|Any CPU
		{2E90BDE8-A070-41FE-A6DA-8D011BC97DEE}.Release|Any CPU.ActiveCfg = Release|Any CPU
		{2E90BDE8-A070-41FE-A6DA-8D011BC97DEE}.Release|Any CPU.Build.0 = Release|Any CPU
	EndGlobalSection
	GlobalSection(SolutionProperties) = preSolution
		HideSolutionNode = FALSE
	EndGlobalSection
	GlobalSection(ExtensibilityGlobals) = postSolution
		SolutionGuid = {93FA9C3A-9422-4053-94EA-26BC740F2253}
	EndGlobalSection
EndGlobal
